PODS:
  - Alamofire (4.5.0)
  - SwiftLint (0.20.1)

DEPENDENCIES:
  - Alamofire (~> 4.5.0)
  - SwiftLint (~> 0.20.1)

SPEC CHECKSUMS:
  Alamofire: f28cdffd29de33a7bfa022cbd63ae95a27fae140
  SwiftLint: f60095dc173a3f3ec505bb34f5229c3dfd779a54

PODFILE CHECKSUM: a3303f9a5247f795b93ffcf5846ff01ede944cde

COCOAPODS: 1.2.0
